
Microsoft Visual Studio Solution File, Format Version 12.00
# Visual Studio Version 17
VisualStudioVersion = 17.5.002.0
MinimumVisualStudioVersion = 10.0.40219.1
Project("{9A19103F-16F7-4668-BE54-9A1E7A4F7556}") = "monad", "monad.csproj", "{B75DBBD9-3953-4080-B965-977B5FF26075}"
EndProject
Global
	GlobalSection(SolutionConfigurationPlatforms) = preSolution
		Debug|Any CPU = Debug|Any CPU
		Release|Any CPU = Release|Any CPU
	EndGlobalSection
	GlobalSection(ProjectConfigurationPlatforms) = postSolution
		{B75DBBD9-3953-4080-B965-977B5FF26075}.Debug|Any CPU.ActiveCfg = Debug|Any CPU
		{B75DBBD9-3953-4080-B965-977B5FF26075}.Debug|Any CPU.Build.0 = Debug|Any CPU
		{B75DBBD9-3953-4080-B965-977B5FF26075}.Release|Any CPU.ActiveCfg = Release|Any CPU
		{B75DBBD9-3953-4080-B965-977B5FF26075}.Release|Any CPU.Build.0 = Release|Any CPU
	EndGlobalSection
	GlobalSection(SolutionProperties) = preSolution
		HideSolutionNode = FALSE
	EndGlobalSection
	GlobalSection(ExtensibilityGlobals) = postSolution
		SolutionGuid = {579A7587-5751-43A3-86CC-7F9338E06068}
	EndGlobalSection
EndGlobal
